
Microsoft Visual Studio Solution File, Format Version 12.00
# Visual Studio Version 17
VisualStudioVersion = 17.14.36212.18
MinimumVisualStudioVersion = 10.0.40219.1
Project("{FAE04EC0-301F-11D3-BF4B-00C04F79EFBC}") = "OrderManagementSystem", "OrderManagementSystem\OrderManagementSystem.csproj", "{D2BA635F-5D63-4A48-8F91-F665C55009FC}"
EndProject
Project("{FAE04EC0-301F-11D3-BF4B-00C04F79EFBC}") = "OrderManagementSystem.Tests", "OrderManagementSystem.Tests\OrderManagementSystem.Tests.csproj", "{5A8E4EE4-0BEA-5C12-8089-329A8E2C47E4}"
EndProject
Global
	GlobalSection(SolutionConfigurationPlatforms) = preSolution
		Debug|Any CPU = Debug|Any CPU
		Release|Any CPU = Release|Any CPU
	EndGlobalSection
	GlobalSection(ProjectConfigurationPlatforms) = postSolution
		{D2BA635F-5D63-4A48-8F91-F665C55009FC}.Debug|Any CPU.ActiveCfg = Debug|Any CPU
		{D2BA635F-5D63-4A48-8F91-F665C55009FC}.Debug|Any CPU.Build.0 = Debug|Any CPU
		{D2BA635F-5D63-4A48-8F91-F665C55009FC}.Release|Any CPU.ActiveCfg = Release|Any CPU
		{D2BA635F-5D63-4A48-8F91-F665C55009FC}.Release|Any CPU.Build.0 = Release|Any CPU
		{5A8E4EE4-0BEA-5C12-8089-329A8E2C47E4}.Debug|Any CPU.ActiveCfg = Debug|Any CPU
		{5A8E4EE4-0BEA-5C12-8089-329A8E2C47E4}.Debug|Any CPU.Build.0 = Debug|Any CPU
		{5A8E4EE4-0BEA-5C12-8089-329A8E2C47E4}.Release|Any CPU.ActiveCfg = Release|Any CPU
		{5A8E4EE4-0BEA-5C12-8089-329A8E2C47E4}.Release|Any CPU.Build.0 = Release|Any CPU
	EndGlobalSection
	GlobalSection(SolutionProperties) = preSolution
		HideSolutionNode = FALSE
	EndGlobalSection
	GlobalSection(ExtensibilityGlobals) = postSolution
		SolutionGuid = {EC63791A-FCCF-439E-8C92-2F864293FD07}
	EndGlobalSection
EndGlobal
